{
    "_readme": [
        "This file locks the dependencies of your project to a known state",
        "Read more about it at https://getcomposer.org/doc/01-basic-usage.md#composer-lock-the-lock-file",
        "This file is @generated automatically"
    ],
    "hash": "823e10e019d93d7dc52d3b917f9a7c82",
    "content-hash": "7281474e2f7cef83138b2809ada04f7c",
    "packages": [
        {
            "name": "almasaeed2010/adminlte",
            "version": "v2.3.11",
            "source": {
                "type": "git",
                "url": "https://github.com/almasaeed2010/AdminLTE.git",
                "reference": "2be703222af2edcb87e562d3da2299e4352bff8a"
            },
            "dist": {
                "type": "zip",
                "url": "https://files.phpcomposer.com/files/almasaeed2010/AdminLTE/2be703222af2edcb87e562d3da2299e4352bff8a.zip",
                "reference": "2be703222af2edcb87e562d3da2299e4352bff8a",
                "shasum": ""
            },
            "type": "library",
            "notification-url": "https://packagist.org/downloads/",
            "license": [
                "MIT"
            ],
            "authors": [
                {
                    "name": "Abdullah Almsaeed",
                    "email": "abdullah@almsaeedstudio.com"
                }
            ],
            "description": "AdminLTE - admin control panel and dashboard that's based on Bootstrap 3",
            "homepage": "http://almsaeedstudio.com/",
            "keywords": [
                "JS",
                "admin",
                "back-end",
                "css",
                "less",
                "responsive",
                "template",
                "theme",
                "web"
            ],
            "time": "2017-01-08 21:03:57"
        },
        {
            "name": "codeigniter/framework",
            "version": "3.1.4",
            "source": {
                "type": "git",
                "url": "https://github.com/bcit-ci/CodeIgniter.git",
                "reference": "873608df8be83420474e3cf9fc749a8ed12a6c09"
            },
            "dist": {
                "type": "zip",
                "url": "https://files.phpcomposer.com/files/bcit-ci/CodeIgniter/873608df8be83420474e3cf9fc749a8ed12a6c09.zip",
                "reference": "873608df8be83420474e3cf9fc749a8ed12a6c09",
                "shasum": ""
            },
            "require": {
                "php": ">=5.2.4"
            },
            "require-dev": {
                "mikey179/vfsstream": "1.1.*",
                "phpunit/phpunit": "4.* || 5.*"
            },
            "suggest": {
                "paragonie/random_compat": "Provides better randomness in PHP 5.x"
            },
            "type": "project",
            "notification-url": "https://packagist.org/downloads/",
            "license": [
                "MIT"
            ],
            "description": "The CodeIgniter framework",
            "homepage": "https://codeigniter.com",
            "time": "2017-03-20 15:51:08"
        },
        {
            "name": "leancloud/leancloud-sdk",
            "version": "v0.5.4",
            "source": {
                "type": "git",
                "url": "https://github.com/leancloud/php-sdk.git",
                "reference": "1a1a9bdb7e8c83f212abaf0816fea6f53cdbd0d2"
            },
            "dist": {
                "type": "zip",
                "url": "https://files.phpcomposer.com/files/leancloud/php-sdk/1a1a9bdb7e8c83f212abaf0816fea6f53cdbd0d2.zip",
                "reference": "1a1a9bdb7e8c83f212abaf0816fea6f53cdbd0d2",
                "shasum": ""
            },
            "require": {
                "ext-curl": "*"
            },
            "require-dev": {
                "apigen/apigen": "^4.1",
                "phpunit/phpunit": "^4.8"
            },
            "type": "library",
            "autoload": {
                "psr-4": {
                    "LeanCloud\\": "src/LeanCloud"
                }
            },
            "notification-url": "https://packagist.org/downloads/",
            "authors": [
                {
                    "name": "Juvenn Woo",
                    "email": "yun.wu@leancloud.rocks"
                }
            ],
            "description": "LeanCloud PHP SDK",
            "homepage": "https://github.com/leancloud/php-sdk",
            "keywords": [
                "leancloud"
            ],
            "time": "2017-02-27 08:20:35"
        }
    ],
    "packages-dev": [
        {
            "name": "mikey179/vfsStream",
            "version": "v1.1.0",
            "source": {
                "type": "git",
                "url": "https://github.com/mikey179/vfsStream.git",
                "reference": "fc0fe8f4d0b527254a2dc45f0c265567c881d07e"
            },
            "dist": {
                "type": "zip",
                "url": "https://packagist.phpcomposer.com/files/mikey179/vfsStream/fc0fe8f4d0b527254a2dc45f0c265567c881d07e.zip",
                "reference": "fc0fe8f4d0b527254a2dc45f0c265567c881d07e",
                "shasum": ""
            },
            "require": {
                "php": ">=5.3.0"
            },
            "type": "library",
            "autoload": {
                "psr-0": {
                    "org\\bovigo\\vfs": "src/main/php"
                }
            },
            "notification-url": "https://packagist.org/downloads/",
            "license": [
                "BSD"
            ],
            "homepage": "http://vfs.bovigo.org/",
            "time": "2012-08-25 12:49:29"
        }
    ],
    "aliases": [],
    "minimum-stability": "stable",
    "stability-flags": [],
    "prefer-stable": false,
    "prefer-lowest": false,
    "platform": {
        "php": ">=5.2.4"
    },
    "platform-dev": []
}
