{
    "_readme": [
        "This file locks the dependencies of your project to a known state",
        "Read more about it at https://getcomposer.org/doc/01-basic-usage.md#composer-lock-the-lock-file",
        "This file is @generated automatically"
    ],
    "hash": "0c8f877defc5c93840306d960d0765da",
    "content-hash": "a4a4627a9461d94ce1019d525399ed65",
    "packages": [
        {
            "name": "leancloud/leancloud-sdk",
            "version": "v0.5.6",
            "source": {
                "type": "git",
                "url": "https://github.com/leancloud/php-sdk.git",
                "reference": "f1c9219b4dd8b28af2bd3f4eddd1897e0e9b7177"
            },
            "dist": {
                "type": "zip",
                "url": "https://api.github.com/repos/leancloud/php-sdk/zipball/f1c9219b4dd8b28af2bd3f4eddd1897e0e9b7177",
                "reference": "f1c9219b4dd8b28af2bd3f4eddd1897e0e9b7177",
                "shasum": ""
            },
            "require": {
                "ext-curl": "*"
            },
            "require-dev": {
                "apigen/apigen": "^4.1",
                "phpunit/phpunit": "^4.8"
            },
            "type": "library",
            "autoload": {
                "psr-4": {
                    "LeanCloud\\": "src/LeanCloud"
                }
            },
            "notification-url": "https://packagist.org/downloads/",
            "authors": [
                {
                    "name": "Juvenn Woo",
                    "email": "yun.wu@leancloud.rocks"
                }
            ],
            "description": "LeanCloud PHP SDK",
            "homepage": "https://github.com/leancloud/php-sdk",
            "keywords": [
                "leancloud"
            ],
            "time": "2017-04-13 07:07:31"
        }
    ],
    "packages-dev": [],
    "aliases": [],
    "minimum-stability": "stable",
    "stability-flags": [],
    "prefer-stable": false,
    "prefer-lowest": false,
    "platform": [],
    "platform-dev": []
}
