
Microsoft Visual Studio Solution File, Format Version 12.00
# Visual Studio 2013
VisualStudioVersion = 12.0.21005.1
MinimumVisualStudioVersion = 10.0.40219.1
Project("{FAE04EC0-301F-11D3-BF4B-00C04F79EFBC}") = "jianyuejizhang", "jianyuejizhang\jianyuejizhang.csproj", "{5384F026-EBB4-4F5B-8689-172E881E457A}"
EndProject
Project("{FAE04EC0-301F-11D3-BF4B-00C04F79EFBC}") = "Utils", "Utils\Utils.csproj", "{634279C5-38BC-4E77-A406-4EEA0C5D3711}"
EndProject
Global
	GlobalSection(SolutionConfigurationPlatforms) = preSolution
		Debug|Any CPU = Debug|Any CPU
		Release|Any CPU = Release|Any CPU
	EndGlobalSection
	GlobalSection(ProjectConfigurationPlatforms) = postSolution
		{5384F026-EBB4-4F5B-8689-172E881E457A}.Debug|Any CPU.ActiveCfg = Debug|Any CPU
		{5384F026-EBB4-4F5B-8689-172E881E457A}.Debug|Any CPU.Build.0 = Debug|Any CPU
		{5384F026-EBB4-4F5B-8689-172E881E457A}.Release|Any CPU.ActiveCfg = Release|Any CPU
		{5384F026-EBB4-4F5B-8689-172E881E457A}.Release|Any CPU.Build.0 = Release|Any CPU
		{634279C5-38BC-4E77-A406-4EEA0C5D3711}.Debug|Any CPU.ActiveCfg = Debug|Any CPU
		{634279C5-38BC-4E77-A406-4EEA0C5D3711}.Debug|Any CPU.Build.0 = Debug|Any CPU
		{634279C5-38BC-4E77-A406-4EEA0C5D3711}.Release|Any CPU.ActiveCfg = Release|Any CPU
		{634279C5-38BC-4E77-A406-4EEA0C5D3711}.Release|Any CPU.Build.0 = Release|Any CPU
	EndGlobalSection
	GlobalSection(SolutionProperties) = preSolution
		HideSolutionNode = FALSE
	EndGlobalSection
EndGlobal
